
Microsoft Visual Studio Solution File, Format Version 12.00
# Visual Studio Version 16
VisualStudioVersion = 16.0.29709.97
MinimumVisualStudioVersion = 10.0.40219.1
Project("{FAE04EC0-301F-11D3-BF4B-00C04F79EFBC}") = "ReflectionQuete1", "ReflectionQuete1\ReflectionQuete1.csproj", "{A3AE9B23-C91A-4B4E-8B6B-849120134054}"
EndProject
Global
	GlobalSection(SolutionConfigurationPlatforms) = preSolution
		Debug|Any CPU = Debug|Any CPU
		Release|Any CPU = Release|Any CPU
	EndGlobalSection
	GlobalSection(ProjectConfigurationPlatforms) = postSolution
		{A3AE9B23-C91A-4B4E-8B6B-849120134054}.Debug|Any CPU.ActiveCfg = Debug|Any CPU
		{A3AE9B23-C91A-4B4E-8B6B-849120134054}.Debug|Any CPU.Build.0 = Debug|Any CPU
		{A3AE9B23-C91A-4B4E-8B6B-849120134054}.Release|Any CPU.ActiveCfg = Release|Any CPU
		{A3AE9B23-C91A-4B4E-8B6B-849120134054}.Release|Any CPU.Build.0 = Release|Any CPU
	EndGlobalSection
	GlobalSection(SolutionProperties) = preSolution
		HideSolutionNode = FALSE
	EndGlobalSection
	GlobalSection(ExtensibilityGlobals) = postSolution
		SolutionGuid = {FCB06CAD-FAA8-48BD-A75C-718CFD32CE5A}
	EndGlobalSection
EndGlobal
